// !$*UTF8*$!
{
	archiveVersion = 1;
	classes = {
	};
	objectVersion = 55;
	objects = {

/* Begin PBXBuildFile section */
		595CF2BB27F1299800B80102 /* AppDelegate.swift in Sources */ = {isa = PBXBuildFile; fileRef = 595CF2BA27F1299800B80102 /* AppDelegate.swift */; };
		595CF2BD27F1299800B80102 /* SceneDelegate.swift in Sources */ = {isa = PBXBuildFile; fileRef = 595CF2BC27F1299800B80102 /* SceneDelegate.swift */; };
		595CF2C227F1299800B80102 /* Main.storyboard in Resources */ = {isa = PBXBuildFile; fileRef = 595CF2C027F1299800B80102 /* Main.storyboard */; };
		595CF2C427F1299D00B80102 /* Assets.xcassets in Resources */ = {isa = PBXBuildFile; fileRef = 595CF2C327F1299D00B80102 /* Assets.xcassets */; };
		595CF2C727F1299D00B80102 /* LaunchScreen.storyboard in Resources */ = {isa = PBXBuildFile; fileRef = 595CF2C527F1299D00B80102 /* LaunchScreen.storyboard */; };
		595CF2CF27F12AF900B80102 /* CharactersTableViewController.swift in Sources */ = {isa = PBXBuildFile; fileRef = 595CF2CE27F12AF900B80102 /* CharactersTableViewController.swift */; };
		595CF2D127F12BAE00B80102 /* DetailsViewController.swift in Sources */ = {isa = PBXBuildFile; fileRef = 595CF2D027F12BAE00B80102 /* DetailsViewController.swift */; };
		595CF2D527F3303C00B80102 /* RickAndMorty.swift in Sources */ = {isa = PBXBuildFile; fileRef = 595CF2D427F3303C00B80102 /* RickAndMorty.swift */; };
		595CF2D827F3323100B80102 /* NetworkManager.swift in Sources */ = {isa = PBXBuildFile; fileRef = 595CF2D727F3323100B80102 /* NetworkManager.swift */; };
		595CF2DB27F3AE2500B80102 /* TableViewCell.swift in Sources */ = {isa = PBXBuildFile; fileRef = 595CF2DA27F3AE2500B80102 /* TableViewCell.swift */; };
		595CF2E027F4D57200B80102 /* CharacterImageView.swift in Sources */ = {isa = PBXBuildFile; fileRef = 595CF2DF27F4D57200B80102 /* CharacterImageView.swift */; };
/* End PBXBuildFile section */

/* Begin PBXFileReference section */
		595CF2B727F1299800B80102 /* RickAndMorty.app */ = {isa = PBXFileReference; explicitFileType = wrapper.application; includeInIndex = 0; path = RickAndMorty.app; sourceTree = BUILT_PRODUCTS_DIR; };
		595CF2BA27F1299800B80102 /* AppDelegate.swift */ = {isa = PBXFileReference; lastKnownFileType = sourcecode.swift; path = AppDelegate.swift; sourceTree = "<group>"; };
		595CF2BC27F1299800B80102 /* SceneDelegate.swift */ = {isa = PBXFileReference; lastKnownFileType = sourcecode.swift; path = SceneDelegate.swift; sourceTree = "<group>"; };
		595CF2C127F1299800B80102 /* Base */ = {isa = PBXFileReference; lastKnownFileType = file.storyboard; name = Base; path = Base.lproj/Main.storyboard; sourceTree = "<group>"; };
		595CF2C327F1299D00B80102 /* Assets.xcassets */ = {isa = PBXFileReference; lastKnownFileType = folder.assetcatalog; path = Assets.xcassets; sourceTree = "<group>"; };
		595CF2C627F1299D00B80102 /* Base */ = {isa = PBXFileReference; lastKnownFileType = file.storyboard; name = Base; path = Base.lproj/LaunchScreen.storyboard; sourceTree = "<group>"; };
		595CF2C827F1299D00B80102 /* Info.plist */ = {isa = PBXFileReference; lastKnownFileType = text.plist.xml; path = Info.plist; sourceTree = "<group>"; };
		595CF2CE27F12AF900B80102 /* CharactersTableViewController.swift */ = {isa = PBXFileReference; lastKnownFileType = sourcecode.swift; path = CharactersTableViewController.swift; sourceTree = "<group>"; };
		595CF2D027F12BAE00B80102 /* DetailsViewController.swift */ = {isa = PBXFileReference; lastKnownFileType = sourcecode.swift; path = DetailsViewController.swift; sourceTree = "<group>"; };
		595CF2D427F3303C00B80102 /* RickAndMorty.swift */ = {isa = PBXFileReference; lastKnownFileType = sourcecode.swift; path = RickAndMorty.swift; sourceTree = "<group>"; };
		595CF2D727F3323100B80102 /* NetworkManager.swift */ = {isa = PBXFileReference; lastKnownFileType = sourcecode.swift; path = NetworkManager.swift; sourceTree = "<group>"; };
		595CF2DA27F3AE2500B80102 /* TableViewCell.swift */ = {isa = PBXFileReference; lastKnownFileType = sourcecode.swift; path = TableViewCell.swift; sourceTree = "<group>"; };
		595CF2DF27F4D57200B80102 /* CharacterImageView.swift */ = {isa = PBXFileReference; lastKnownFileType = sourcecode.swift; path = CharacterImageView.swift; sourceTree = "<group>"; };
/* End PBXFileReference section */

/* Begin PBXFrameworksBuildPhase section */
		595CF2B427F1299800B80102 /* Frameworks */ = {
			isa = PBXFrameworksBuildPhase;
			buildActionMask = 2147483647;
			files = (
			);
			runOnlyForDeploymentPostprocessing = 0;
		};
/* End PBXFrameworksBuildPhase section */

/* Begin PBXGroup section */
		595CF2AE27F1299800B80102 = {
			isa = PBXGroup;
			children = (
				595CF2B927F1299800B80102 /* RickAndMorty */,
				595CF2B827F1299800B80102 /* Products */,
			);
			sourceTree = "<group>";
		};
		595CF2B827F1299800B80102 /* Products */ = {
			isa = PBXGroup;
			children = (
				595CF2B727F1299800B80102 /* RickAndMorty.app */,
			);
			name = Products;
			sourceTree = "<group>";
		};
		595CF2B927F1299800B80102 /* RickAndMorty */ = {
			isa = PBXGroup;
			children = (
				595CF2D927F3323700B80102 /* Services */,
				595CF2D327F3302300B80102 /* Models */,
				595CF2D227F32F8E00B80102 /* ViewControllers */,
				595CF2D627F331DA00B80102 /* Storyboards */,
				595CF2DC27F3AE2900B80102 /* Views */,
				595CF2BA27F1299800B80102 /* AppDelegate.swift */,
				595CF2BC27F1299800B80102 /* SceneDelegate.swift */,
				595CF2C327F1299D00B80102 /* Assets.xcassets */,
				595CF2C827F1299D00B80102 /* Info.plist */,
			);
			path = RickAndMorty;
			sourceTree = "<group>";
		};
		595CF2D227F32F8E00B80102 /* ViewControllers */ = {
			isa = PBXGroup;
			children = (
				595CF2CE27F12AF900B80102 /* CharactersTableViewController.swift */,
				595CF2D027F12BAE00B80102 /* DetailsViewController.swift */,
			);
			path = ViewControllers;
			sourceTree = "<group>";
		};
		595CF2D327F3302300B80102 /* Models */ = {
			isa = PBXGroup;
			children = (
				595CF2D427F3303C00B80102 /* RickAndMorty.swift */,
			);
			path = Models;
			sourceTree = "<group>";
		};
		595CF2D627F331DA00B80102 /* Storyboards */ = {
			isa = PBXGroup;
			children = (
				595CF2C027F1299800B80102 /* Main.storyboard */,
				595CF2C527F1299D00B80102 /* LaunchScreen.storyboard */,
			);
			path = Storyboards;
			sourceTree = "<group>";
		};
		595CF2D927F3323700B80102 /* Services */ = {
			isa = PBXGroup;
			children = (
				595CF2D727F3323100B80102 /* NetworkManager.swift */,
			);
			path = Services;
			sourceTree = "<group>";
		};
		595CF2DC27F3AE2900B80102 /* Views */ = {
			isa = PBXGroup;
			children = (
				595CF2DA27F3AE2500B80102 /* TableViewCell.swift */,
				595CF2DF27F4D57200B80102 /* CharacterImageView.swift */,
			);
			path = Views;
			sourceTree = "<group>";
		};
/* End PBXGroup section */

/* Begin PBXNativeTarget section */
		595CF2B627F1299800B80102 /* RickAndMorty */ = {
			isa = PBXNativeTarget;
			buildConfigurationList = 595CF2CB27F1299D00B80102 /* Build configuration list for PBXNativeTarget "RickAndMorty" */;
			buildPhases = (
				595CF2B327F1299800B80102 /* Sources */,
				595CF2B427F1299800B80102 /* Frameworks */,
				595CF2B527F1299800B80102 /* Resources */,
			);
			buildRules = (
			);
			dependencies = (
			);
			name = RickAndMorty;
			productName = RickAndMorty;
			productReference = 595CF2B727F1299800B80102 /* RickAndMorty.app */;
			productType = "com.apple.product-type.application";
		};
/* End PBXNativeTarget section */

/* Begin PBXProject section */
		595CF2AF27F1299800B80102 /* Project object */ = {
			isa = PBXProject;
			attributes = {
				BuildIndependentTargetsInParallel = 1;
				LastSwiftUpdateCheck = 1300;
				LastUpgradeCheck = 1300;
				TargetAttributes = {
					595CF2B627F1299800B80102 = {
						CreatedOnToolsVersion = 13.0;
					};
				};
			};
			buildConfigurationList = 595CF2B227F1299800B80102 /* Build configuration list for PBXProject "RickAndMorty" */;
			compatibilityVersion = "Xcode 13.0";
			developmentRegion = en;
			hasScannedForEncodings = 0;
			knownRegions = (
				en,
				Base,
			);
			mainGroup = 595CF2AE27F1299800B80102;
			productRefGroup = 595CF2B827F1299800B80102 /* Products */;
			projectDirPath = "";
			projectRoot = "";
			targets = (
				595CF2B627F1299800B80102 /* RickAndMorty */,
			);
		};
/* End PBXProject section */

/* Begin PBXResourcesBuildPhase section */
		595CF2B527F1299800B80102 /* Resources */ = {
			isa = PBXResourcesBuildPhase;
			buildActionMask = 2147483647;
			files = (
				595CF2C727F1299D00B80102 /* LaunchScreen.storyboard in Resources */,
				595CF2C427F1299D00B80102 /* Assets.xcassets in Resources */,
				595CF2C227F1299800B80102 /* Main.storyboard in Resources */,
			);
			runOnlyForDeploymentPostprocessing = 0;
		};
/* End PBXResourcesBuildPhase section */

/* Begin PBXSourcesBuildPhase section */
		595CF2B327F1299800B80102 /* Sources */ = {
			isa = PBXSourcesBuildPhase;
			buildActionMask = 2147483647;
			files = (
				595CF2CF27F12AF900B80102 /* CharactersTableViewController.swift in Sources */,
				595CF2BB27F1299800B80102 /* AppDelegate.swift in Sources */,
				595CF2BD27F1299800B80102 /* SceneDelegate.swift in Sources */,
				595CF2DB27F3AE2500B80102 /* TableViewCell.swift in Sources */,
				595CF2D827F3323100B80102 /* NetworkManager.swift in Sources */,
				595CF2D527F3303C00B80102 /* RickAndMorty.swift in Sources */,
				595CF2E027F4D57200B80102 /* CharacterImageView.swift in Sources */,
				595CF2D127F12BAE00B80102 /* DetailsViewController.swift in Sources */,
			);
			runOnlyForDeploymentPostprocessing = 0;
		};
/* End PBXSourcesBuildPhase section */

/* Begin PBXVariantGroup section */
		595CF2C027F1299800B80102 /* Main.storyboard */ = {
			isa = PBXVariantGroup;
			children = (
				595CF2C127F1299800B80102 /* Base */,
			);
			name = Main.storyboard;
			sourceTree = "<group>";
		};
		595CF2C527F1299D00B80102 /* LaunchScreen.storyboard */ = {
			isa = PBXVariantGroup;
			children = (
				595CF2C627F1299D00B80102 /* Base */,
			);
			name = LaunchScreen.storyboard;
			sourceTree = "<group>";
		};
/* End PBXVariantGroup section */

/* Begin XCBuildConfiguration section */
		595CF2C927F1299D00B80102 /* Debug */ = {
			isa = XCBuildConfiguration;
			buildSettings = {
				ALWAYS_SEARCH_USER_PATHS = NO;
				CLANG_ANALYZER_NONNULL = YES;
				CLANG_ANALYZER_NUMBER_OBJECT_CONVERSION = YES_AGGRESSIVE;
				CLANG_CXX_LANGUAGE_STANDARD = "gnu++17";
				CLANG_CXX_LIBRARY = "libc++";
				CLANG_ENABLE_MODULES = YES;
				CLANG_ENABLE_OBJC_ARC = YES;
				CLANG_ENABLE_OBJC_WEAK = YES;
				CLANG_WARN_BLOCK_CAPTURE_AUTORELEASING = YES;
				CLANG_WARN_BOOL_CONVERSION = YES;
				CLANG_WARN_COMMA = YES;
				CLANG_WARN_CONSTANT_CONVERSION = YES;
				CLANG_WARN_DEPRECATED_OBJC_IMPLEMENTATIONS = YES;
				CLANG_WARN_DIRECT_OBJC_ISA_USAGE = YES_ERROR;
				CLANG_WARN_DOCUMENTATION_COMMENTS = YES;
				CLANG_WARN_EMPTY_BODY = YES;
				CLANG_WARN_ENUM_CONVERSION = YES;
				CLANG_WARN_INFINITE_RECURSION = YES;
				CLANG_WARN_INT_CONVERSION = YES;
				CLANG_WARN_NON_LITERAL_NULL_CONVERSION = YES;
				CLANG_WARN_OBJC_IMPLICIT_RETAIN_SELF = YES;
				CLANG_WARN_OBJC_LITERAL_CONVERSION = YES;
				CLANG_WARN_OBJC_ROOT_CLASS = YES_ERROR;
				CLANG_WARN_QUOTED_INCLUDE_IN_FRAMEWORK_HEADER = YES;
				CLANG_WARN_RANGE_LOOP_ANALYSIS = YES;
				CLANG_WARN_STRICT_PROTOTYPES = YES;
				CLANG_WARN_SUSPICIOUS_MOVE = YES;
				CLANG_WARN_UNGUARDED_AVAILABILITY = YES_AGGRESSIVE;
				CLANG_WARN_UNREACHABLE_CODE = YES;
				CLANG_WARN__DUPLICATE_METHOD_MATCH = YES;
				COPY_PHASE_STRIP = NO;
				DEBUG_INFORMATION_FORMAT = dwarf;
				ENABLE_STRICT_OBJC_MSGSEND = YES;
				ENABLE_TESTABILITY = YES;
				GCC_C_LANGUAGE_STANDARD = gnu11;
				GCC_DYNAMIC_NO_PIC = NO;
				GCC_NO_COMMON_BLOCKS = YES;
				GCC_OPTIMIZATION_LEVEL = 0;
				GCC_PREPROCESSOR_DEFINITIONS = (
					"DEBUG=1",
					"$(inherited)",
				);
				GCC_WARN_64_TO_32_BIT_CONVERSION = YES;
				GCC_WARN_ABOUT_RETURN_TYPE = YES_ERROR;
				GCC_WARN_UNDECLARED_SELECTOR = YES;
				GCC_WARN_UNINITIALIZED_AUTOS = YES_AGGRESSIVE;
				GCC_WARN_UNUSED_FUNCTION = YES;
				GCC_WARN_UNUSED_VARIABLE = YES;
				IPHONEOS_DEPLOYMENT_TARGET = 15.0;
				MTL_ENABLE_DEBUG_INFO = INCLUDE_SOURCE;
				MTL_FAST_MATH = YES;
				ONLY_ACTIVE_ARCH = YES;
				SDKROOT = iphoneos;
				SWIFT_ACTIVE_COMPILATION_CONDITIONS = DEBUG;
				SWIFT_OPTIMIZATION_LEVEL = "-Onone";
			};
			name = Debug;
		};
		595CF2CA27F1299D00B80102 /* Release */ = {
			isa = XCBuildConfiguration;
			buildSettings = {
				ALWAYS_SEARCH_USER_PATHS = NO;
				CLANG_ANALYZER_NONNULL = YES;
				CLANG_ANALYZER_NUMBER_OBJECT_CONVERSION = YES_AGGRESSIVE;
				CLANG_CXX_LANGUAGE_STANDARD = "gnu++17";
				CLANG_CXX_LIBRARY = "libc++";
				CLANG_ENABLE_MODULES = YES;
				CLANG_ENABLE_OBJC_ARC = YES;
				CLANG_ENABLE_OBJC_WEAK = YES;
				CLANG_WARN_BLOCK_CAPTURE_AUTORELEASING = YES;
				CLANG_WARN_BOOL_CONVERSION = YES;
				CLANG_WARN_COMMA = YES;
				CLANG_WARN_CONSTANT_CONVERSION = YES;
				CLANG_WARN_DEPRECATED_OBJC_IMPLEMENTATIONS = YES;
				CLANG_WARN_DIRECT_OBJC_ISA_USAGE = YES_ERROR;
				CLANG_WARN_DOCUMENTATION_COMMENTS = YES;
				CLANG_WARN_EMPTY_BODY = YES;
				CLANG_WARN_ENUM_CONVERSION = YES;
				CLANG_WARN_INFINITE_RECURSION = YES;
				CLANG_WARN_INT_CONVERSION = YES;
				CLANG_WARN_NON_LITERAL_NULL_CONVERSION = YES;
				CLANG_WARN_OBJC_IMPLICIT_RETAIN_SELF = YES;
				CLANG_WARN_OBJC_LITERAL_CONVERSION = YES;
				CLANG_WARN_OBJC_ROOT_CLASS = YES_ERROR;
				CLANG_WARN_QUOTED_INCLUDE_IN_FRAMEWORK_HEADER = YES;
				CLANG_WARN_RANGE_LOOP_ANALYSIS = YES;
				CLANG_WARN_STRICT_PROTOTYPES = YES;
				CLANG_WARN_SUSPICIOUS_MOVE = YES;
				CLANG_WARN_UNGUARDED_AVAILABILITY = YES_AGGRESSIVE;
				CLANG_WARN_UNREACHABLE_CODE = YES;
				CLANG_WARN__DUPLICATE_METHOD_MATCH = YES;
				COPY_PHASE_STRIP = NO;
				DEBUG_INFORMATION_FORMAT = "dwarf-with-dsym";
				ENABLE_NS_ASSERTIONS = NO;
				ENABLE_STRICT_OBJC_MSGSEND = YES;
				GCC_C_LANGUAGE_STANDARD = gnu11;
				GCC_NO_COMMON_BLOCKS = YES;
				GCC_WARN_64_TO_32_BIT_CONVERSION = YES;
				GCC_WARN_ABOUT_RETURN_TYPE = YES_ERROR;
				GCC_WARN_UNDECLARED_SELECTOR = YES;
				GCC_WARN_UNINITIALIZED_AUTOS = YES_AGGRESSIVE;
				GCC_WARN_UNUSED_FUNCTION = YES;
				GCC_WARN_UNUSED_VARIABLE = YES;
				IPHONEOS_DEPLOYMENT_TARGET = 15.0;
				MTL_ENABLE_DEBUG_INFO = NO;
				MTL_FAST_MATH = YES;
				SDKROOT = iphoneos;
				SWIFT_COMPILATION_MODE = wholemodule;
				SWIFT_OPTIMIZATION_LEVEL = "-O";
				VALIDATE_PRODUCT = YES;
			};
			name = Release;
		};
		595CF2CC27F1299D00B80102 /* Debug */ = {
			isa = XCBuildConfiguration;
			buildSettings = {
				ASSETCATALOG_COMPILER_APPICON_NAME = AppIcon;
				ASSETCATALOG_COMPILER_GLOBAL_ACCENT_COLOR_NAME = AccentColor;
				CODE_SIGN_STYLE = Automatic;
				CURRENT_PROJECT_VERSION = 1;
				DEVELOPMENT_TEAM = ND4K69ACN5;
				GENERATE_INFOPLIST_FILE = YES;
				INFOPLIST_FILE = RickAndMorty/Info.plist;
				INFOPLIST_KEY_UIApplicationSupportsIndirectInputEvents = YES;
				INFOPLIST_KEY_UILaunchStoryboardName = LaunchScreen;
				INFOPLIST_KEY_UIMainStoryboardFile = Main;
				INFOPLIST_KEY_UISupportedInterfaceOrientations = UIInterfaceOrientationPortrait;
				INFOPLIST_KEY_UISupportedInterfaceOrientations_iPad = "UIInterfaceOrientationPortrait UIInterfaceOrientationPortraitUpsideDown UIInterfaceOrientationLandscapeLeft UIInterfaceOrientationLandscapeRight";
				INFOPLIST_KEY_UISupportedInterfaceOrientations_iPhone = "UIInterfaceOrientationPortrait UIInterfaceOrientationLandscapeLeft UIInterfaceOrientationLandscapeRight";
				LD_RUNPATH_SEARCH_PATHS = (
					"$(inherited)",
					"@executable_path/Frameworks",
				);
				MARKETING_VERSION = 1.0;
				PRODUCT_BUNDLE_IDENTIFIER = KonstantinBoiko.RickAndMorty;
				PRODUCT_NAME = "$(TARGET_NAME)";
				SWIFT_EMIT_LOC_STRINGS = YES;
				SWIFT_VERSION = 5.0;
				TARGETED_DEVICE_FAMILY = 1;
			};
			name = Debug;
		};
		595CF2CD27F1299D00B80102 /* Release */ = {
			isa = XCBuildConfiguration;
			buildSettings = {
				ASSETCATALOG_COMPILER_APPICON_NAME = AppIcon;
				ASSETCATALOG_COMPILER_GLOBAL_ACCENT_COLOR_NAME = AccentColor;
				CODE_SIGN_STYLE = Automatic;
				CURRENT_PROJECT_VERSION = 1;
				DEVELOPMENT_TEAM = ND4K69ACN5;
				GENERATE_INFOPLIST_FILE = YES;
				INFOPLIST_FILE = RickAndMorty/Info.plist;
				INFOPLIST_KEY_UIApplicationSupportsIndirectInputEvents = YES;
				INFOPLIST_KEY_UILaunchStoryboardName = LaunchScreen;
				INFOPLIST_KEY_UIMainStoryboardFile = Main;
				INFOPLIST_KEY_UISupportedInterfaceOrientations = UIInterfaceOrientationPortrait;
				INFOPLIST_KEY_UISupportedInterfaceOrientations_iPad = "UIInterfaceOrientationPortrait UIInterfaceOrientationPortraitUpsideDown UIInterfaceOrientationLandscapeLeft UIInterfaceOrientationLandscapeRight";
				INFOPLIST_KEY_UISupportedInterfaceOrientations_iPhone = "UIInterfaceOrientationPortrait UIInterfaceOrientationLandscapeLeft UIInterfaceOrientationLandscapeRight";
				LD_RUNPATH_SEARCH_PATHS = (
					"$(inherited)",
					"@executable_path/Frameworks",
				);
				MARKETING_VERSION = 1.0;
				PRODUCT_BUNDLE_IDENTIFIER = KonstantinBoiko.RickAndMorty;
				PRODUCT_NAME = "$(TARGET_NAME)";
				SWIFT_EMIT_LOC_STRINGS = YES;
				SWIFT_VERSION = 5.0;
				TARGETED_DEVICE_FAMILY = 1;
			};
			name = Release;
		};
/* End XCBuildConfiguration section */

/* Begin XCConfigurationList section */
		595CF2B227F1299800B80102 /* Build configuration list for PBXProject "RickAndMorty" */ = {
			isa = XCConfigurationList;
			buildConfigurations = (
				595CF2C927F1299D00B80102 /* Debug */,
				595CF2CA27F1299D00B80102 /* Release */,
			);
			defaultConfigurationIsVisible = 0;
			defaultConfigurationName = Release;
		};
		595CF2CB27F1299D00B80102 /* Build configuration list for PBXNativeTarget "RickAndMorty" */ = {
			isa = XCConfigurationList;
			buildConfigurations = (
				595CF2CC27F1299D00B80102 /* Debug */,
				595CF2CD27F1299D00B80102 /* Release */,
			);
			defaultConfigurationIsVisible = 0;
			defaultConfigurationName = Release;
		};
/* End XCConfigurationList section */
	};
	rootObject = 595CF2AF27F1299800B80102 /* Project object */;
}
